
Microsoft Visual Studio Solution File, Format Version 12.00
# Visual Studio Version 17
VisualStudioVersion = 17.9.34607.119
MinimumVisualStudioVersion = 10.0.40219.1
Project("{FAE04EC0-301F-11D3-BF4B-00C04F79EFBC}") = "kiemtragk", "kiemtragk\kiemtragk.csproj", "{0E8DBB8F-C8EF-42BD-B70C-0CBF2F379B38}"
EndProject
Global
	GlobalSection(SolutionConfigurationPlatforms) = preSolution
		Debug|Any CPU = Debug|Any CPU
		Release|Any CPU = Release|Any CPU
	EndGlobalSection
	GlobalSection(ProjectConfigurationPlatforms) = postSolution
		{0E8DBB8F-C8EF-42BD-B70C-0CBF2F379B38}.Debug|Any CPU.ActiveCfg = Debug|Any CPU
		{0E8DBB8F-C8EF-42BD-B70C-0CBF2F379B38}.Debug|Any CPU.Build.0 = Debug|Any CPU
		{0E8DBB8F-C8EF-42BD-B70C-0CBF2F379B38}.Release|Any CPU.ActiveCfg = Release|Any CPU
		{0E8DBB8F-C8EF-42BD-B70C-0CBF2F379B38}.Release|Any CPU.Build.0 = Release|Any CPU
	EndGlobalSection
	GlobalSection(SolutionProperties) = preSolution
		HideSolutionNode = FALSE
	EndGlobalSection
	GlobalSection(ExtensibilityGlobals) = postSolution
		SolutionGuid = {7360C595-B739-44F6-928F-239B932159C4}
	EndGlobalSection
EndGlobal
